github.com/digisan/go-generics v0.2.17 h1:u4YZn8isb6tnJ15KCTRlbWvhYU9ZYB2wJCHyJi17Lhs=
github.com/digisan/go-generics v0.2.17/go.mod h1:HoHbkpjEgiw3YQ3QaADIfeFt/kpdODb0qerSbs0PSBA=
golang.org/x/net v0.4.0 h1:Q5QPcMlvfxFTAPV0+07Xz/MpK9NTXu2VDUuy0FeMfaU=
golang.org/x/net v0.4.0/go.mod h1:MBQ8lrhLObU/6UmLb4fmbmk5OcyYmqtbGd/9yIeKjEE=
