github.com/digisan/go-generics v0.3.2 h1:gu03iuUGAf3o0Lkcd/yopCZIgtnMojmFJazw7Jxe3hU=
github.com/digisan/go-generics v0.3.2/go.mod h1:VL55aCSjSaDHPbLtQyGg5fFFwG9SSHiAO/Zke/Tkhcg=
golang.org/x/net v0.8.0 h1:Zrh2ngAOFYneWTAIAPethzeaQLuHwhuBkuV6ZiRnUaQ=
golang.org/x/net v0.8.0/go.mod h1:QVkue5JL9kW//ek3r6jTKnTFis1tRmNAW2P1shuFdJc=
